
Microsoft Visual Studio Solution File, Format Version 12.00
# Visual Studio Version 17
VisualStudioVersion = 17.2.32616.157
MinimumVisualStudioVersion = 10.0.40219.1
Project("{FAE04EC0-301F-11D3-BF4B-00C04F79EFBC}") = "Income-Calculator", "Income-Calculator\Income-Calculator.csproj", "{4EBD0E01-27B0-4EEF-B0B2-A2BD291E6356}"
EndProject
Global
	GlobalSection(SolutionConfigurationPlatforms) = preSolution
		Debug|Any CPU = Debug|Any CPU
		Release|Any CPU = Release|Any CPU
	EndGlobalSection
	GlobalSection(ProjectConfigurationPlatforms) = postSolution
		{4EBD0E01-27B0-4EEF-B0B2-A2BD291E6356}.Debug|Any CPU.ActiveCfg = Debug|Any CPU
		{4EBD0E01-27B0-4EEF-B0B2-A2BD291E6356}.Debug|Any CPU.Build.0 = Debug|Any CPU
		{4EBD0E01-27B0-4EEF-B0B2-A2BD291E6356}.Release|Any CPU.ActiveCfg = Release|Any CPU
		{4EBD0E01-27B0-4EEF-B0B2-A2BD291E6356}.Release|Any CPU.Build.0 = Release|Any CPU
	EndGlobalSection
	GlobalSection(SolutionProperties) = preSolution
		HideSolutionNode = FALSE
	EndGlobalSection
	GlobalSection(ExtensibilityGlobals) = postSolution
		SolutionGuid = {FAA3310F-4CF9-4446-81CD-3100EED28C9B}
	EndGlobalSection
EndGlobal
